
Microsoft Visual Studio Solution File, Format Version 12.00
# Visual Studio Version 17
VisualStudioVersion = 17.11.35222.181
MinimumVisualStudioVersion = 10.0.40219.1
Project("{FAE04EC0-301F-11D3-BF4B-00C04F79EFBC}") = "AzureAIContentSafety.API", "AzureAIContentSafety.API\AzureAIContentSafety.API.csproj", "{CACF7DD6-09C4-4507-8DE9-80929007DDAE}"
EndProject
Global
	GlobalSection(SolutionConfigurationPlatforms) = preSolution
		Debug|Any CPU = Debug|Any CPU
		Release|Any CPU = Release|Any CPU
	EndGlobalSection
	GlobalSection(ProjectConfigurationPlatforms) = postSolution
		{CACF7DD6-09C4-4507-8DE9-80929007DDAE}.Debug|Any CPU.ActiveCfg = Debug|Any CPU
		{CACF7DD6-09C4-4507-8DE9-80929007DDAE}.Debug|Any CPU.Build.0 = Debug|Any CPU
		{CACF7DD6-09C4-4507-8DE9-80929007DDAE}.Release|Any CPU.ActiveCfg = Release|Any CPU
		{CACF7DD6-09C4-4507-8DE9-80929007DDAE}.Release|Any CPU.Build.0 = Release|Any CPU
	EndGlobalSection
	GlobalSection(SolutionProperties) = preSolution
		HideSolutionNode = FALSE
	EndGlobalSection
	GlobalSection(ExtensibilityGlobals) = postSolution
		SolutionGuid = {05DEE184-CD09-415C-92F9-9AC8437513C8}
	EndGlobalSection
EndGlobal
